
Microsoft Visual Studio Solution File, Format Version 12.00
# Visual Studio Version 17
VisualStudioVersion = 17.4.33213.308
MinimumVisualStudioVersion = 10.0.40219.1
Project("{9A19103F-16F7-4668-BE54-9A1E7A4F7556}") = "Strategy", "Strategy\Strategy.csproj", "{C0E546DB-3B09-4D09-9B35-6635AC34D590}"
EndProject
Project("{FAE04EC0-301F-11D3-BF4B-00C04F79EFBC}") = "Observer", "Observer\Observer.csproj", "{696652E3-A7E3-4B8A-BBFB-41F91C8100A3}"
EndProject
Global
	GlobalSection(SolutionConfigurationPlatforms) = preSolution
		Debug|Any CPU = Debug|Any CPU
		Release|Any CPU = Release|Any CPU
	EndGlobalSection
	GlobalSection(ProjectConfigurationPlatforms) = postSolution
		{C0E546DB-3B09-4D09-9B35-6635AC34D590}.Debug|Any CPU.ActiveCfg = Debug|Any CPU
		{C0E546DB-3B09-4D09-9B35-6635AC34D590}.Debug|Any CPU.Build.0 = Debug|Any CPU
		{C0E546DB-3B09-4D09-9B35-6635AC34D590}.Release|Any CPU.ActiveCfg = Release|Any CPU
		{C0E546DB-3B09-4D09-9B35-6635AC34D590}.Release|Any CPU.Build.0 = Release|Any CPU
		{696652E3-A7E3-4B8A-BBFB-41F91C8100A3}.Debug|Any CPU.ActiveCfg = Debug|Any CPU
		{696652E3-A7E3-4B8A-BBFB-41F91C8100A3}.Debug|Any CPU.Build.0 = Debug|Any CPU
		{696652E3-A7E3-4B8A-BBFB-41F91C8100A3}.Release|Any CPU.ActiveCfg = Release|Any CPU
		{696652E3-A7E3-4B8A-BBFB-41F91C8100A3}.Release|Any CPU.Build.0 = Release|Any CPU
	EndGlobalSection
	GlobalSection(SolutionProperties) = preSolution
		HideSolutionNode = FALSE
	EndGlobalSection
	GlobalSection(ExtensibilityGlobals) = postSolution
		SolutionGuid = {F95BE1B7-D805-43DB-B98E-C5E20B617596}
	EndGlobalSection
EndGlobal
